
Microsoft Visual Studio Solution File, Format Version 12.00
# Visual Studio Version 17
VisualStudioVersion = 17.14.36603.0
MinimumVisualStudioVersion = 10.0.40219.1
Project("{FAE04EC0-301F-11D3-BF4B-00C04F79EFBC}") = "Uniclock", "Uniclock.csproj", "{8B780A16-A6BB-4AF6-9B8C-7DB8A5F5F56B}"
EndProject
Global
	GlobalSection(SolutionConfigurationPlatforms) = preSolution
		Debug|Any CPU = Debug|Any CPU
		Release|Any CPU = Release|Any CPU
	EndGlobalSection
	GlobalSection(ProjectConfigurationPlatforms) = postSolution
		{8B780A16-A6BB-4AF6-9B8C-7DB8A5F5F56B}.Debug|Any CPU.ActiveCfg = Debug|Any CPU
		{8B780A16-A6BB-4AF6-9B8C-7DB8A5F5F56B}.Debug|Any CPU.Build.0 = Debug|Any CPU
		{8B780A16-A6BB-4AF6-9B8C-7DB8A5F5F56B}.Release|Any CPU.ActiveCfg = Release|Any CPU
		{8B780A16-A6BB-4AF6-9B8C-7DB8A5F5F56B}.Release|Any CPU.Build.0 = Release|Any CPU
	EndGlobalSection
	GlobalSection(SolutionProperties) = preSolution
		HideSolutionNode = FALSE
	EndGlobalSection
	GlobalSection(ExtensibilityGlobals) = postSolution
		SolutionGuid = {ACF31BDF-BE04-4F38-8DB7-E2E5702925EA}
	EndGlobalSection
EndGlobal
